
Microsoft Visual Studio Solution File, Format Version 12.00
# Visual Studio Version 17
VisualStudioVersion = 17.4.33103.184
MinimumVisualStudioVersion = 10.0.40219.1
Project("{FAE04EC0-301F-11D3-BF4B-00C04F79EFBC}") = "Northwind", "Northwind\Northwind.csproj", "{5BFC3ED7-D5C4-4432-AC82-548922884F02}"
EndProject
Global
	GlobalSection(SolutionConfigurationPlatforms) = preSolution
		Debug|Any CPU = Debug|Any CPU
		Release|Any CPU = Release|Any CPU
	EndGlobalSection
	GlobalSection(ProjectConfigurationPlatforms) = postSolution
		{5BFC3ED7-D5C4-4432-AC82-548922884F02}.Debug|Any CPU.ActiveCfg = Debug|Any CPU
		{5BFC3ED7-D5C4-4432-AC82-548922884F02}.Debug|Any CPU.Build.0 = Debug|Any CPU
		{5BFC3ED7-D5C4-4432-AC82-548922884F02}.Release|Any CPU.ActiveCfg = Release|Any CPU
		{5BFC3ED7-D5C4-4432-AC82-548922884F02}.Release|Any CPU.Build.0 = Release|Any CPU
	EndGlobalSection
	GlobalSection(SolutionProperties) = preSolution
		HideSolutionNode = FALSE
	EndGlobalSection
	GlobalSection(ExtensibilityGlobals) = postSolution
		SolutionGuid = {F6E318B2-D887-43FC-AC17-29E5B629AE8B}
	EndGlobalSection
EndGlobal
